
Microsoft Visual Studio Solution File, Format Version 12.00
# Visual Studio Version 16
VisualStudioVersion = 16.0.30907.101
MinimumVisualStudioVersion = 10.0.40219.1
Project("{FAE04EC0-301F-11D3-BF4B-00C04F79EFBC}") = "DE-Store", "DE-Store.csproj", "{1BBF2B0A-CF19-4AB5-8CE7-605DE7A43605}"
EndProject
Global
	GlobalSection(SolutionConfigurationPlatforms) = preSolution
		Debug|Any CPU = Debug|Any CPU
		Release|Any CPU = Release|Any CPU
	EndGlobalSection
	GlobalSection(ProjectConfigurationPlatforms) = postSolution
		{1BBF2B0A-CF19-4AB5-8CE7-605DE7A43605}.Debug|Any CPU.ActiveCfg = Debug|Any CPU
		{1BBF2B0A-CF19-4AB5-8CE7-605DE7A43605}.Debug|Any CPU.Build.0 = Debug|Any CPU
		{1BBF2B0A-CF19-4AB5-8CE7-605DE7A43605}.Release|Any CPU.ActiveCfg = Release|Any CPU
		{1BBF2B0A-CF19-4AB5-8CE7-605DE7A43605}.Release|Any CPU.Build.0 = Release|Any CPU
	EndGlobalSection
	GlobalSection(SolutionProperties) = preSolution
		HideSolutionNode = FALSE
	EndGlobalSection
	GlobalSection(ExtensibilityGlobals) = postSolution
		SolutionGuid = {C0FF8F09-F4C1-455C-AA45-8CB266390041}
	EndGlobalSection
EndGlobal
